
Microsoft Visual Studio Solution File, Format Version 12.00
# Visual Studio Version 17
VisualStudioVersion = 17.2.32616.157
MinimumVisualStudioVersion = 10.0.40219.1
Project("{FAE04EC0-301F-11D3-BF4B-00C04F79EFBC}") = "C-SharpBasics", "C-SharpBasics\C-SharpBasics.csproj", "{FCFA091D-3F04-4809-B61D-B6F9F0A15844}"
EndProject
Global
	GlobalSection(SolutionConfigurationPlatforms) = preSolution
		Debug|Any CPU = Debug|Any CPU
		Release|Any CPU = Release|Any CPU
	EndGlobalSection
	GlobalSection(ProjectConfigurationPlatforms) = postSolution
		{FCFA091D-3F04-4809-B61D-B6F9F0A15844}.Debug|Any CPU.ActiveCfg = Debug|Any CPU
		{FCFA091D-3F04-4809-B61D-B6F9F0A15844}.Debug|Any CPU.Build.0 = Debug|Any CPU
		{FCFA091D-3F04-4809-B61D-B6F9F0A15844}.Release|Any CPU.ActiveCfg = Release|Any CPU
		{FCFA091D-3F04-4809-B61D-B6F9F0A15844}.Release|Any CPU.Build.0 = Release|Any CPU
	EndGlobalSection
	GlobalSection(SolutionProperties) = preSolution
		HideSolutionNode = FALSE
	EndGlobalSection
	GlobalSection(ExtensibilityGlobals) = postSolution
		SolutionGuid = {D37CCB05-9111-4257-82AB-C18CFF5C8354}
	EndGlobalSection
EndGlobal
